
Microsoft Visual Studio Solution File, Format Version 12.00
# Visual Studio Version 17
VisualStudioVersion = 17.0.31903.59
MinimumVisualStudioVersion = 10.0.40219.1
Project("{FAE04EC0-301F-11D3-BF4B-00C04F79EFBC}") = "Feitep.MySql.Console", "Feitep.MySql.Console\Feitep.MySql.Console.csproj", "{23A82BD9-6343-4359-856D-C65775EF7D22}"
EndProject
Project("{FAE04EC0-301F-11D3-BF4B-00C04F79EFBC}") = "Feitep.MySql.Models", "Feitep.MySql.Models\Feitep.MySql.Models.csproj", "{EB504EAB-4CE6-4E56-A45D-0A1E78EA7EE7}"
EndProject
Project("{FAE04EC0-301F-11D3-BF4B-00C04F79EFBC}") = "Feitep.MySql.Repository", "Feitep.MySql.Repository\Feitep.MySql.Repository.csproj", "{1C77A4A8-F2F0-4EA2-82B4-F9C37E0B9F6E}"
EndProject
Global
	GlobalSection(SolutionConfigurationPlatforms) = preSolution
		Debug|Any CPU = Debug|Any CPU
		Release|Any CPU = Release|Any CPU
	EndGlobalSection
	GlobalSection(SolutionProperties) = preSolution
		HideSolutionNode = FALSE
	EndGlobalSection
	GlobalSection(ProjectConfigurationPlatforms) = postSolution
		{23A82BD9-6343-4359-856D-C65775EF7D22}.Debug|Any CPU.ActiveCfg = Debug|Any CPU
		{23A82BD9-6343-4359-856D-C65775EF7D22}.Debug|Any CPU.Build.0 = Debug|Any CPU
		{23A82BD9-6343-4359-856D-C65775EF7D22}.Release|Any CPU.ActiveCfg = Release|Any CPU
		{23A82BD9-6343-4359-856D-C65775EF7D22}.Release|Any CPU.Build.0 = Release|Any CPU
		{EB504EAB-4CE6-4E56-A45D-0A1E78EA7EE7}.Debug|Any CPU.ActiveCfg = Debug|Any CPU
		{EB504EAB-4CE6-4E56-A45D-0A1E78EA7EE7}.Debug|Any CPU.Build.0 = Debug|Any CPU
		{EB504EAB-4CE6-4E56-A45D-0A1E78EA7EE7}.Release|Any CPU.ActiveCfg = Release|Any CPU
		{EB504EAB-4CE6-4E56-A45D-0A1E78EA7EE7}.Release|Any CPU.Build.0 = Release|Any CPU
		{1C77A4A8-F2F0-4EA2-82B4-F9C37E0B9F6E}.Debug|Any CPU.ActiveCfg = Debug|Any CPU
		{1C77A4A8-F2F0-4EA2-82B4-F9C37E0B9F6E}.Debug|Any CPU.Build.0 = Debug|Any CPU
		{1C77A4A8-F2F0-4EA2-82B4-F9C37E0B9F6E}.Release|Any CPU.ActiveCfg = Release|Any CPU
		{1C77A4A8-F2F0-4EA2-82B4-F9C37E0B9F6E}.Release|Any CPU.Build.0 = Release|Any CPU
	EndGlobalSection
EndGlobal
